
Microsoft Visual Studio Solution File, Format Version 12.00
# Visual Studio Version 17
VisualStudioVersion = 17.1.32328.378
MinimumVisualStudioVersion = 10.0.40219.1
Project("{9A19103F-16F7-4668-BE54-9A1E7A4F7556}") = "DdnsUpdate.Application", "DdnsUpdate.Application\DdnsUpdate.Application.csproj", "{D131C5E1-3AF5-4F94-B965-3ED0516A3801}"
EndProject
Project("{9A19103F-16F7-4668-BE54-9A1E7A4F7556}") = "DdnsUpdate.Service", "DdnsUpdate.Service\DdnsUpdate.Service.csproj", "{FE00F1EF-1DE1-4873-AFDD-F447B7CC74E6}"
EndProject
Project("{9A19103F-16F7-4668-BE54-9A1E7A4F7556}") = "DdnsUpdate.Core", "DdnsUpdate.Core\DdnsUpdate.Core.csproj", "{4461DB61-6C71-42EA-ACFE-BE5D7B3D777A}"
EndProject
Project("{9A19103F-16F7-4668-BE54-9A1E7A4F7556}") = "DdnsUpdate.Email", "DdnsUpdate.Email\DdnsUpdate.Email.csproj", "{74EFAB78-C5F4-495F-B9FA-6C3131C5A62B}"
EndProject
Project("{9A19103F-16F7-4668-BE54-9A1E7A4F7556}") = "DdnsUpdate.DdnsPlugin.Cloudflare", "DdnsUpdate.DdnsPlugin.Cloudflare\DdnsUpdate.DdnsPlugin.Cloudflare.csproj", "{FC180D36-617A-4CF7-94DD-D8BC35C0EE8F}"
EndProject
Project("{9A19103F-16F7-4668-BE54-9A1E7A4F7556}") = "DdnsUpdate.DdnsPlugin", "DdnsUpdate.DdnsPlugin\DdnsUpdate.DdnsPlugin.csproj", "{F264574D-DFD6-4E62-ADF0-44C3F10C48A8}"
EndProject
Project("{2150E333-8FDC-42A3-9474-1A3956D46DE8}") = "DdnsPlugins", "DdnsPlugins", "{02731B05-FA85-4A6C-9295-CFF2175382DB}"
EndProject
Project("{2150E333-8FDC-42A3-9474-1A3956D46DE8}") = "Solution Items", "Solution Items", "{DDB0A990-F295-48D8-9645-468853DEBF85}"
	ProjectSection(SolutionItems) = preProject
		.editorconfig = .editorconfig
		DdnsUpdate.Application\ddnsupdate.service = DdnsUpdate.Application\ddnsupdate.service
		exclusion.dic = exclusion.dic
		..\LICENSE.txt = ..\LICENSE.txt
		..\README.md = ..\README.md
	EndProjectSection
EndProject
Project("{2150E333-8FDC-42A3-9474-1A3956D46DE8}") = "tools", "tools", "{2AF15E19-8954-4C89-8E8D-FFEB864E22F8}"
EndProject
Project("{2150E333-8FDC-42A3-9474-1A3956D46DE8}") = "LocalPackage", "LocalPackage", "{4037AA4A-4347-4F5A-B526-D8159FCAE348}"
	ProjectSection(SolutionItems) = preProject
		..\tools\LocalPackage\clp.ps1 = ..\tools\LocalPackage\clp.ps1
		..\tools\LocalPackage\readme.txt = ..\tools\LocalPackage\readme.txt
	EndProjectSection
EndProject
Project("{2150E333-8FDC-42A3-9474-1A3956D46DE8}") = "GitHubRelease", "GitHubRelease", "{CF8D5F50-8E2E-412C-860C-FF4B7CA1CD6E}"
	ProjectSection(SolutionItems) = preProject
		..\tools\GitHubRelease\readme.txt = ..\tools\GitHubRelease\readme.txt
	EndProjectSection
EndProject
Project("{9A19103F-16F7-4668-BE54-9A1E7A4F7556}") = "DdnsUpdate.DdnsPlugin.EmailOnly", "DdnsUpdate.DdnsPlugin.EmailOnly\DdnsUpdate.DdnsPlugin.EmailOnly.csproj", "{6DC43643-AD94-4C55-A07F-A01CE4817A5B}"
EndProject
Global
	GlobalSection(SolutionConfigurationPlatforms) = preSolution
		Debug|Any CPU = Debug|Any CPU
		Release|Any CPU = Release|Any CPU
	EndGlobalSection
	GlobalSection(ProjectConfigurationPlatforms) = postSolution
		{D131C5E1-3AF5-4F94-B965-3ED0516A3801}.Debug|Any CPU.ActiveCfg = Debug|Any CPU
		{D131C5E1-3AF5-4F94-B965-3ED0516A3801}.Debug|Any CPU.Build.0 = Debug|Any CPU
		{D131C5E1-3AF5-4F94-B965-3ED0516A3801}.Release|Any CPU.ActiveCfg = Release|Any CPU
		{D131C5E1-3AF5-4F94-B965-3ED0516A3801}.Release|Any CPU.Build.0 = Release|Any CPU
		{FE00F1EF-1DE1-4873-AFDD-F447B7CC74E6}.Debug|Any CPU.ActiveCfg = Debug|Any CPU
		{FE00F1EF-1DE1-4873-AFDD-F447B7CC74E6}.Debug|Any CPU.Build.0 = Debug|Any CPU
		{FE00F1EF-1DE1-4873-AFDD-F447B7CC74E6}.Release|Any CPU.ActiveCfg = Release|Any CPU
		{FE00F1EF-1DE1-4873-AFDD-F447B7CC74E6}.Release|Any CPU.Build.0 = Release|Any CPU
		{4461DB61-6C71-42EA-ACFE-BE5D7B3D777A}.Debug|Any CPU.ActiveCfg = Debug|Any CPU
		{4461DB61-6C71-42EA-ACFE-BE5D7B3D777A}.Debug|Any CPU.Build.0 = Debug|Any CPU
		{4461DB61-6C71-42EA-ACFE-BE5D7B3D777A}.Release|Any CPU.ActiveCfg = Release|Any CPU
		{4461DB61-6C71-42EA-ACFE-BE5D7B3D777A}.Release|Any CPU.Build.0 = Release|Any CPU
		{74EFAB78-C5F4-495F-B9FA-6C3131C5A62B}.Debug|Any CPU.ActiveCfg = Debug|Any CPU
		{74EFAB78-C5F4-495F-B9FA-6C3131C5A62B}.Debug|Any CPU.Build.0 = Debug|Any CPU
		{74EFAB78-C5F4-495F-B9FA-6C3131C5A62B}.Release|Any CPU.ActiveCfg = Release|Any CPU
		{74EFAB78-C5F4-495F-B9FA-6C3131C5A62B}.Release|Any CPU.Build.0 = Release|Any CPU
		{FC180D36-617A-4CF7-94DD-D8BC35C0EE8F}.Debug|Any CPU.ActiveCfg = Debug|Any CPU
		{FC180D36-617A-4CF7-94DD-D8BC35C0EE8F}.Debug|Any CPU.Build.0 = Debug|Any CPU
		{FC180D36-617A-4CF7-94DD-D8BC35C0EE8F}.Release|Any CPU.ActiveCfg = Release|Any CPU
		{FC180D36-617A-4CF7-94DD-D8BC35C0EE8F}.Release|Any CPU.Build.0 = Release|Any CPU
		{F264574D-DFD6-4E62-ADF0-44C3F10C48A8}.Debug|Any CPU.ActiveCfg = Debug|Any CPU
		{F264574D-DFD6-4E62-ADF0-44C3F10C48A8}.Debug|Any CPU.Build.0 = Debug|Any CPU
		{F264574D-DFD6-4E62-ADF0-44C3F10C48A8}.Release|Any CPU.ActiveCfg = Release|Any CPU
		{F264574D-DFD6-4E62-ADF0-44C3F10C48A8}.Release|Any CPU.Build.0 = Release|Any CPU
		{6DC43643-AD94-4C55-A07F-A01CE4817A5B}.Debug|Any CPU.ActiveCfg = Debug|Any CPU
		{6DC43643-AD94-4C55-A07F-A01CE4817A5B}.Debug|Any CPU.Build.0 = Debug|Any CPU
		{6DC43643-AD94-4C55-A07F-A01CE4817A5B}.Release|Any CPU.ActiveCfg = Release|Any CPU
		{6DC43643-AD94-4C55-A07F-A01CE4817A5B}.Release|Any CPU.Build.0 = Release|Any CPU
	EndGlobalSection
	GlobalSection(SolutionProperties) = preSolution
		HideSolutionNode = FALSE
	EndGlobalSection
	GlobalSection(NestedProjects) = preSolution
		{FC180D36-617A-4CF7-94DD-D8BC35C0EE8F} = {02731B05-FA85-4A6C-9295-CFF2175382DB}
		{2AF15E19-8954-4C89-8E8D-FFEB864E22F8} = {DDB0A990-F295-48D8-9645-468853DEBF85}
		{4037AA4A-4347-4F5A-B526-D8159FCAE348} = {2AF15E19-8954-4C89-8E8D-FFEB864E22F8}
		{CF8D5F50-8E2E-412C-860C-FF4B7CA1CD6E} = {2AF15E19-8954-4C89-8E8D-FFEB864E22F8}
		{6DC43643-AD94-4C55-A07F-A01CE4817A5B} = {02731B05-FA85-4A6C-9295-CFF2175382DB}
	EndGlobalSection
	GlobalSection(ExtensibilityGlobals) = postSolution
		SolutionGuid = {F4D9A72E-EAAC-4A7D-B980-870DF5DDFC69}
	EndGlobalSection
EndGlobal
